
Microsoft Visual Studio Solution File, Format Version 12.00
# Visual Studio Version 16
VisualStudioVersion = 16.0.29806.167
MinimumVisualStudioVersion = 10.0.40219.1
Project("{FAE04EC0-301F-11D3-BF4B-00C04F79EFBC}") = "BA.QLCN.Android", "BA.QLCN\BA.QLCN.Android\BA.QLCN.Android.csproj", "{ADBA4356-BBF9-467D-9508-7F58F9338678}"
EndProject
Project("{FAE04EC0-301F-11D3-BF4B-00C04F79EFBC}") = "BA.QLCN.iOS", "BA.QLCN\BA.QLCN.iOS\BA.QLCN.iOS.csproj", "{9D057158-CE70-438B-9A19-CE2658CEB913}"
EndProject
Project("{FAE04EC0-301F-11D3-BF4B-00C04F79EFBC}") = "BA.QLCN", "BA.QLCN\BA.QLCN\BA.QLCN.csproj", "{84A2B9DB-EDCF-4B4E-B7C7-7DFAD11619F3}"
EndProject
Global
	GlobalSection(SolutionConfigurationPlatforms) = preSolution
		Debug|Any CPU = Debug|Any CPU
		Debug|iPhone = Debug|iPhone
		Debug|iPhoneSimulator = Debug|iPhoneSimulator
		Release|Any CPU = Release|Any CPU
		Release|iPhone = Release|iPhone
		Release|iPhoneSimulator = Release|iPhoneSimulator
	EndGlobalSection
	GlobalSection(ProjectConfigurationPlatforms) = postSolution
		{ADBA4356-BBF9-467D-9508-7F58F9338678}.Debug|Any CPU.ActiveCfg = Debug|Any CPU
		{ADBA4356-BBF9-467D-9508-7F58F9338678}.Debug|Any CPU.Build.0 = Debug|Any CPU
		{ADBA4356-BBF9-467D-9508-7F58F9338678}.Debug|Any CPU.Deploy.0 = Debug|Any CPU
		{ADBA4356-BBF9-467D-9508-7F58F9338678}.Debug|iPhone.ActiveCfg = Debug|Any CPU
		{ADBA4356-BBF9-467D-9508-7F58F9338678}.Debug|iPhone.Build.0 = Debug|Any CPU
		{ADBA4356-BBF9-467D-9508-7F58F9338678}.Debug|iPhone.Deploy.0 = Debug|Any CPU
		{ADBA4356-BBF9-467D-9508-7F58F9338678}.Debug|iPhoneSimulator.ActiveCfg = Debug|Any CPU
		{ADBA4356-BBF9-467D-9508-7F58F9338678}.Debug|iPhoneSimulator.Build.0 = Debug|Any CPU
		{ADBA4356-BBF9-467D-9508-7F58F9338678}.Debug|iPhoneSimulator.Deploy.0 = Debug|Any CPU
		{ADBA4356-BBF9-467D-9508-7F58F9338678}.Release|Any CPU.ActiveCfg = Release|Any CPU
		{ADBA4356-BBF9-467D-9508-7F58F9338678}.Release|Any CPU.Build.0 = Release|Any CPU
		{ADBA4356-BBF9-467D-9508-7F58F9338678}.Release|Any CPU.Deploy.0 = Release|Any CPU
		{ADBA4356-BBF9-467D-9508-7F58F9338678}.Release|iPhone.ActiveCfg = Release|Any CPU
		{ADBA4356-BBF9-467D-9508-7F58F9338678}.Release|iPhone.Build.0 = Release|Any CPU
		{ADBA4356-BBF9-467D-9508-7F58F9338678}.Release|iPhone.Deploy.0 = Release|Any CPU
		{ADBA4356-BBF9-467D-9508-7F58F9338678}.Release|iPhoneSimulator.ActiveCfg = Release|Any CPU
		{ADBA4356-BBF9-467D-9508-7F58F9338678}.Release|iPhoneSimulator.Build.0 = Release|Any CPU
		{ADBA4356-BBF9-467D-9508-7F58F9338678}.Release|iPhoneSimulator.Deploy.0 = Release|Any CPU
		{9D057158-CE70-438B-9A19-CE2658CEB913}.Debug|Any CPU.ActiveCfg = Debug|iPhoneSimulator
		{9D057158-CE70-438B-9A19-CE2658CEB913}.Debug|Any CPU.Deploy.0 = Debug|iPhoneSimulator
		{9D057158-CE70-438B-9A19-CE2658CEB913}.Debug|iPhone.ActiveCfg = Debug|iPhone
		{9D057158-CE70-438B-9A19-CE2658CEB913}.Debug|iPhone.Build.0 = Debug|iPhone
		{9D057158-CE70-438B-9A19-CE2658CEB913}.Debug|iPhone.Deploy.0 = Debug|iPhone
		{9D057158-CE70-438B-9A19-CE2658CEB913}.Debug|iPhoneSimulator.ActiveCfg = Debug|iPhoneSimulator
		{9D057158-CE70-438B-9A19-CE2658CEB913}.Debug|iPhoneSimulator.Build.0 = Debug|iPhoneSimulator
		{9D057158-CE70-438B-9A19-CE2658CEB913}.Debug|iPhoneSimulator.Deploy.0 = Debug|iPhoneSimulator
		{9D057158-CE70-438B-9A19-CE2658CEB913}.Release|Any CPU.ActiveCfg = Release|iPhone
		{9D057158-CE70-438B-9A19-CE2658CEB913}.Release|Any CPU.Build.0 = Release|iPhone
		{9D057158-CE70-438B-9A19-CE2658CEB913}.Release|Any CPU.Deploy.0 = Release|iPhone
		{9D057158-CE70-438B-9A19-CE2658CEB913}.Release|iPhone.ActiveCfg = Release|iPhone
		{9D057158-CE70-438B-9A19-CE2658CEB913}.Release|iPhone.Build.0 = Release|iPhone
		{9D057158-CE70-438B-9A19-CE2658CEB913}.Release|iPhone.Deploy.0 = Release|iPhone
		{9D057158-CE70-438B-9A19-CE2658CEB913}.Release|iPhoneSimulator.ActiveCfg = Release|iPhoneSimulator
		{9D057158-CE70-438B-9A19-CE2658CEB913}.Release|iPhoneSimulator.Build.0 = Release|iPhoneSimulator
		{9D057158-CE70-438B-9A19-CE2658CEB913}.Release|iPhoneSimulator.Deploy.0 = Release|iPhoneSimulator
		{84A2B9DB-EDCF-4B4E-B7C7-7DFAD11619F3}.Debug|Any CPU.ActiveCfg = Debug|Any CPU
		{84A2B9DB-EDCF-4B4E-B7C7-7DFAD11619F3}.Debug|Any CPU.Build.0 = Debug|Any CPU
		{84A2B9DB-EDCF-4B4E-B7C7-7DFAD11619F3}.Debug|Any CPU.Deploy.0 = Debug|Any CPU
		{84A2B9DB-EDCF-4B4E-B7C7-7DFAD11619F3}.Debug|iPhone.ActiveCfg = Debug|Any CPU
		{84A2B9DB-EDCF-4B4E-B7C7-7DFAD11619F3}.Debug|iPhone.Build.0 = Debug|Any CPU
		{84A2B9DB-EDCF-4B4E-B7C7-7DFAD11619F3}.Debug|iPhone.Deploy.0 = Debug|Any CPU
		{84A2B9DB-EDCF-4B4E-B7C7-7DFAD11619F3}.Debug|iPhoneSimulator.ActiveCfg = Debug|Any CPU
		{84A2B9DB-EDCF-4B4E-B7C7-7DFAD11619F3}.Debug|iPhoneSimulator.Build.0 = Debug|Any CPU
		{84A2B9DB-EDCF-4B4E-B7C7-7DFAD11619F3}.Debug|iPhoneSimulator.Deploy.0 = Debug|Any CPU
		{84A2B9DB-EDCF-4B4E-B7C7-7DFAD11619F3}.Release|Any CPU.ActiveCfg = Release|Any CPU
		{84A2B9DB-EDCF-4B4E-B7C7-7DFAD11619F3}.Release|Any CPU.Build.0 = Release|Any CPU
		{84A2B9DB-EDCF-4B4E-B7C7-7DFAD11619F3}.Release|Any CPU.Deploy.0 = Release|Any CPU
		{84A2B9DB-EDCF-4B4E-B7C7-7DFAD11619F3}.Release|iPhone.ActiveCfg = Release|Any CPU
		{84A2B9DB-EDCF-4B4E-B7C7-7DFAD11619F3}.Release|iPhone.Build.0 = Release|Any CPU
		{84A2B9DB-EDCF-4B4E-B7C7-7DFAD11619F3}.Release|iPhone.Deploy.0 = Release|Any CPU
		{84A2B9DB-EDCF-4B4E-B7C7-7DFAD11619F3}.Release|iPhoneSimulator.ActiveCfg = Release|Any CPU
		{84A2B9DB-EDCF-4B4E-B7C7-7DFAD11619F3}.Release|iPhoneSimulator.Build.0 = Release|Any CPU
		{84A2B9DB-EDCF-4B4E-B7C7-7DFAD11619F3}.Release|iPhoneSimulator.Deploy.0 = Release|Any CPU
	EndGlobalSection
	GlobalSection(SolutionProperties) = preSolution
		HideSolutionNode = FALSE
	EndGlobalSection
	GlobalSection(ExtensibilityGlobals) = postSolution
		SolutionGuid = {434FA97F-28DF-493D-866D-7B9040BC3FDF}
	EndGlobalSection
EndGlobal
